
Microsoft Visual Studio Solution File, Format Version 12.00
# Visual Studio Version 17
VisualStudioVersion = 17.9.34607.119
MinimumVisualStudioVersion = 10.0.40219.1
Project("{FAE04EC0-301F-11D3-BF4B-00C04F79EFBC}") = "FullDuplexPipe", "FullDuplexPipe\FullDuplexPipe.csproj", "{28B3D99A-BCA1-4C83-83E9-3977C54710FC}"
EndProject
Global
	GlobalSection(SolutionConfigurationPlatforms) = preSolution
		Debug|Any CPU = Debug|Any CPU
		Release|Any CPU = Release|Any CPU
	EndGlobalSection
	GlobalSection(ProjectConfigurationPlatforms) = postSolution
		{28B3D99A-BCA1-4C83-83E9-3977C54710FC}.Debug|Any CPU.ActiveCfg = Debug|Any CPU
		{28B3D99A-BCA1-4C83-83E9-3977C54710FC}.Debug|Any CPU.Build.0 = Debug|Any CPU
		{28B3D99A-BCA1-4C83-83E9-3977C54710FC}.Release|Any CPU.ActiveCfg = Release|Any CPU
		{28B3D99A-BCA1-4C83-83E9-3977C54710FC}.Release|Any CPU.Build.0 = Release|Any CPU
	EndGlobalSection
	GlobalSection(SolutionProperties) = preSolution
		HideSolutionNode = FALSE
	EndGlobalSection
	GlobalSection(ExtensibilityGlobals) = postSolution
		SolutionGuid = {3F7A13A2-A1EA-48A0-BDE3-BAD275B583DF}
	EndGlobalSection
EndGlobal
